
Microsoft Visual Studio Solution File, Format Version 12.00
# Visual Studio 15
VisualStudioVersion = 15.0.28010.2016
MinimumVisualStudioVersion = 10.0.40219.1
Project("{9A19103F-16F7-4668-BE54-9A1E7A4F7556}") = "FN18.Blazor.Server", "src\FN18.Blazor.Server\FN18.Blazor.Server.csproj", "{A51B845C-5554-4FEC-A3E6-235509AE1774}"
EndProject
Project("{9A19103F-16F7-4668-BE54-9A1E7A4F7556}") = "FN18.Blazor.Client", "src\FN18.Blazor.Client\FN18.Blazor.Client.csproj", "{71BCFE81-6EE4-4F66-9E63-CE6D282CB692}"
EndProject
Project("{9A19103F-16F7-4668-BE54-9A1E7A4F7556}") = "FN18.Blazor.Shared", "src\FN18.Blazor.Shared\FN18.Blazor.Shared.csproj", "{FA559267-077B-4B21-94BA-54A6CADD6FC9}"
EndProject
Global
	GlobalSection(SolutionConfigurationPlatforms) = preSolution
		Debug|Any CPU = Debug|Any CPU
		Release|Any CPU = Release|Any CPU
	EndGlobalSection
	GlobalSection(ProjectConfigurationPlatforms) = postSolution
		{A51B845C-5554-4FEC-A3E6-235509AE1774}.Debug|Any CPU.ActiveCfg = Debug|Any CPU
		{A51B845C-5554-4FEC-A3E6-235509AE1774}.Debug|Any CPU.Build.0 = Debug|Any CPU
		{A51B845C-5554-4FEC-A3E6-235509AE1774}.Release|Any CPU.ActiveCfg = Release|Any CPU
		{A51B845C-5554-4FEC-A3E6-235509AE1774}.Release|Any CPU.Build.0 = Release|Any CPU
		{71BCFE81-6EE4-4F66-9E63-CE6D282CB692}.Debug|Any CPU.ActiveCfg = Debug|Any CPU
		{71BCFE81-6EE4-4F66-9E63-CE6D282CB692}.Debug|Any CPU.Build.0 = Debug|Any CPU
		{71BCFE81-6EE4-4F66-9E63-CE6D282CB692}.Release|Any CPU.ActiveCfg = Release|Any CPU
		{71BCFE81-6EE4-4F66-9E63-CE6D282CB692}.Release|Any CPU.Build.0 = Release|Any CPU
		{FA559267-077B-4B21-94BA-54A6CADD6FC9}.Debug|Any CPU.ActiveCfg = Debug|Any CPU
		{FA559267-077B-4B21-94BA-54A6CADD6FC9}.Debug|Any CPU.Build.0 = Debug|Any CPU
		{FA559267-077B-4B21-94BA-54A6CADD6FC9}.Release|Any CPU.ActiveCfg = Release|Any CPU
		{FA559267-077B-4B21-94BA-54A6CADD6FC9}.Release|Any CPU.Build.0 = Release|Any CPU
	EndGlobalSection
	GlobalSection(SolutionProperties) = preSolution
		HideSolutionNode = FALSE
	EndGlobalSection
	GlobalSection(ExtensibilityGlobals) = postSolution
		SolutionGuid = {B2DB769B-6A39-4A85-B532-5683A53B9CD6}
	EndGlobalSection
EndGlobal
