
Microsoft Visual Studio Solution File, Format Version 12.00
# Visual Studio 15
VisualStudioVersion = 15.0.28010.2016
MinimumVisualStudioVersion = 10.0.40219.1
Project("{FAE04EC0-301F-11D3-BF4B-00C04F79EFBC}") = "FN18.Blazor.Server", "src\FN18.Blazor.Server\FN18.Blazor.Server.csproj", "{1BE6B246-9D3E-4C79-962E-1250D342514E}"
EndProject
Project("{FAE04EC0-301F-11D3-BF4B-00C04F79EFBC}") = "FN18.Blazor.Client", "src\FN18.Blazor.Client\FN18.Blazor.Client.csproj", "{376B87FF-1D05-49F2-8647-6CCCD4A8B0EE}"
EndProject
Project("{FAE04EC0-301F-11D3-BF4B-00C04F79EFBC}") = "FN18.Blazor.Shared", "src\FN18.Blazor.Shared\FN18.Blazor.Shared.csproj", "{14DA5301-5EC4-45B7-B89C-D497ADBF7BA2}"
EndProject
Global
	GlobalSection(SolutionConfigurationPlatforms) = preSolution
		Debug|Any CPU = Debug|Any CPU
		Release|Any CPU = Release|Any CPU
	EndGlobalSection
	GlobalSection(ProjectConfigurationPlatforms) = postSolution
		{1BE6B246-9D3E-4C79-962E-1250D342514E}.Debug|Any CPU.ActiveCfg = Debug|Any CPU
		{1BE6B246-9D3E-4C79-962E-1250D342514E}.Debug|Any CPU.Build.0 = Debug|Any CPU
		{1BE6B246-9D3E-4C79-962E-1250D342514E}.Release|Any CPU.ActiveCfg = Release|Any CPU
		{1BE6B246-9D3E-4C79-962E-1250D342514E}.Release|Any CPU.Build.0 = Release|Any CPU
		{376B87FF-1D05-49F2-8647-6CCCD4A8B0EE}.Debug|Any CPU.ActiveCfg = Debug|Any CPU
		{376B87FF-1D05-49F2-8647-6CCCD4A8B0EE}.Debug|Any CPU.Build.0 = Debug|Any CPU
		{376B87FF-1D05-49F2-8647-6CCCD4A8B0EE}.Release|Any CPU.ActiveCfg = Release|Any CPU
		{376B87FF-1D05-49F2-8647-6CCCD4A8B0EE}.Release|Any CPU.Build.0 = Release|Any CPU
		{14DA5301-5EC4-45B7-B89C-D497ADBF7BA2}.Debug|Any CPU.ActiveCfg = Debug|Any CPU
		{14DA5301-5EC4-45B7-B89C-D497ADBF7BA2}.Debug|Any CPU.Build.0 = Debug|Any CPU
		{14DA5301-5EC4-45B7-B89C-D497ADBF7BA2}.Release|Any CPU.ActiveCfg = Release|Any CPU
		{14DA5301-5EC4-45B7-B89C-D497ADBF7BA2}.Release|Any CPU.Build.0 = Release|Any CPU
	EndGlobalSection
	GlobalSection(SolutionProperties) = preSolution
		HideSolutionNode = FALSE
	EndGlobalSection
	GlobalSection(ExtensibilityGlobals) = postSolution
		SolutionGuid = {B2DB769B-6A39-4A85-B532-5683A53B9CD6}
	EndGlobalSection
EndGlobal
