
Microsoft Visual Studio Solution File, Format Version 12.00
# Visual Studio 15
VisualStudioVersion = 15.0.27703.2026
MinimumVisualStudioVersion = 10.0.40219.1
Project("{FAE04EC0-301F-11D3-BF4B-00C04F79EFBC}") = "MediaServices.Demo.Function", "MediaServices.Demo.Function\MediaServices.Demo.Function.csproj", "{02CB1E66-756D-4D51-85A1-2D736221EDFF}"
EndProject
Global
	GlobalSection(SolutionConfigurationPlatforms) = preSolution
		Debug|Any CPU = Debug|Any CPU
		Release|Any CPU = Release|Any CPU
	EndGlobalSection
	GlobalSection(ProjectConfigurationPlatforms) = postSolution
		{02CB1E66-756D-4D51-85A1-2D736221EDFF}.Debug|Any CPU.ActiveCfg = Debug|Any CPU
		{02CB1E66-756D-4D51-85A1-2D736221EDFF}.Debug|Any CPU.Build.0 = Debug|Any CPU
		{02CB1E66-756D-4D51-85A1-2D736221EDFF}.Release|Any CPU.ActiveCfg = Release|Any CPU
		{02CB1E66-756D-4D51-85A1-2D736221EDFF}.Release|Any CPU.Build.0 = Release|Any CPU
	EndGlobalSection
	GlobalSection(SolutionProperties) = preSolution
		HideSolutionNode = FALSE
	EndGlobalSection
	GlobalSection(ExtensibilityGlobals) = postSolution
		SolutionGuid = {CCAB99BF-1EA1-44A7-9BEE-7E0A984AA7E5}
	EndGlobalSection
EndGlobal
