
Microsoft Visual Studio Solution File, Format Version 12.00
# Visual Studio 15
VisualStudioVersion = 15.0.28307.136
MinimumVisualStudioVersion = 10.0.40219.1
Project("{9A19103F-16F7-4668-BE54-9A1E7A4F7556}") = "NoSQL.ConsoleApp", "NoSQL.ConsoleApp\NoSQL.ConsoleApp.csproj", "{BB89BBFB-CEC4-428C-9704-4C3AD8D8E16B}"
EndProject
Project("{9A19103F-16F7-4668-BE54-9A1E7A4F7556}") = "NoSQL.Tests", "NoSQL.Tests\NoSQL.Tests.csproj", "{BDA600EA-347E-4A1A-8D52-120FE65058C1}"
EndProject
Project("{9A19103F-16F7-4668-BE54-9A1E7A4F7556}") = "NoSQL.Common", "NoSQL.Common\NoSQL.Common.csproj", "{AF68D699-AE87-4773-810D-DDD5312C5188}"
EndProject
Project("{FAE04EC0-301F-11D3-BF4B-00C04F79EFBC}") = "NoSQL.FunctionLoader", "NoSQL.FunctionLoader\NoSQL.FunctionLoader.csproj", "{DEF46DC0-783C-40E8-9331-3A57FDB7B038}"
EndProject
Project("{FAE04EC0-301F-11D3-BF4B-00C04F79EFBC}") = "NoSQL.Infrastructure", "NoSQL.Infrastructure\NoSQL.Infrastructure.csproj", "{2B875F59-3FD2-4E16-AE6A-389F446CED73}"
EndProject
Global
	GlobalSection(SolutionConfigurationPlatforms) = preSolution
		Debug|Any CPU = Debug|Any CPU
		Release|Any CPU = Release|Any CPU
	EndGlobalSection
	GlobalSection(ProjectConfigurationPlatforms) = postSolution
		{BB89BBFB-CEC4-428C-9704-4C3AD8D8E16B}.Debug|Any CPU.ActiveCfg = Debug|Any CPU
		{BB89BBFB-CEC4-428C-9704-4C3AD8D8E16B}.Debug|Any CPU.Build.0 = Debug|Any CPU
		{BB89BBFB-CEC4-428C-9704-4C3AD8D8E16B}.Release|Any CPU.ActiveCfg = Release|Any CPU
		{BB89BBFB-CEC4-428C-9704-4C3AD8D8E16B}.Release|Any CPU.Build.0 = Release|Any CPU
		{BDA600EA-347E-4A1A-8D52-120FE65058C1}.Debug|Any CPU.ActiveCfg = Debug|Any CPU
		{BDA600EA-347E-4A1A-8D52-120FE65058C1}.Debug|Any CPU.Build.0 = Debug|Any CPU
		{BDA600EA-347E-4A1A-8D52-120FE65058C1}.Release|Any CPU.ActiveCfg = Release|Any CPU
		{BDA600EA-347E-4A1A-8D52-120FE65058C1}.Release|Any CPU.Build.0 = Release|Any CPU
		{AF68D699-AE87-4773-810D-DDD5312C5188}.Debug|Any CPU.ActiveCfg = Debug|Any CPU
		{AF68D699-AE87-4773-810D-DDD5312C5188}.Debug|Any CPU.Build.0 = Debug|Any CPU
		{AF68D699-AE87-4773-810D-DDD5312C5188}.Release|Any CPU.ActiveCfg = Release|Any CPU
		{AF68D699-AE87-4773-810D-DDD5312C5188}.Release|Any CPU.Build.0 = Release|Any CPU
		{DEF46DC0-783C-40E8-9331-3A57FDB7B038}.Debug|Any CPU.ActiveCfg = Debug|Any CPU
		{DEF46DC0-783C-40E8-9331-3A57FDB7B038}.Debug|Any CPU.Build.0 = Debug|Any CPU
		{DEF46DC0-783C-40E8-9331-3A57FDB7B038}.Release|Any CPU.ActiveCfg = Release|Any CPU
		{DEF46DC0-783C-40E8-9331-3A57FDB7B038}.Release|Any CPU.Build.0 = Release|Any CPU
		{2B875F59-3FD2-4E16-AE6A-389F446CED73}.Debug|Any CPU.ActiveCfg = Debug|Any CPU
		{2B875F59-3FD2-4E16-AE6A-389F446CED73}.Debug|Any CPU.Build.0 = Debug|Any CPU
		{2B875F59-3FD2-4E16-AE6A-389F446CED73}.Release|Any CPU.ActiveCfg = Release|Any CPU
		{2B875F59-3FD2-4E16-AE6A-389F446CED73}.Release|Any CPU.Build.0 = Release|Any CPU
	EndGlobalSection
	GlobalSection(SolutionProperties) = preSolution
		HideSolutionNode = FALSE
	EndGlobalSection
	GlobalSection(ExtensibilityGlobals) = postSolution
		SolutionGuid = {D79DD0A7-7E4B-4E9E-96D3-6CBE19BD1E65}
	EndGlobalSection
EndGlobal
