
Microsoft Visual Studio Solution File, Format Version 12.00
# Visual Studio 15
VisualStudioVersion = 15.0.28010.2016
MinimumVisualStudioVersion = 10.0.40219.1
Project("{FAE04EC0-301F-11D3-BF4B-00C04F79EFBC}") = "FN18.Frontend", "FN18.Frontend\FN18.Frontend.csproj", "{559DBD77-BC8A-4298-9FC7-C41CCCF34C27}"
EndProject
Global
	GlobalSection(SolutionConfigurationPlatforms) = preSolution
		Debug|Any CPU = Debug|Any CPU
		Release|Any CPU = Release|Any CPU
	EndGlobalSection
	GlobalSection(ProjectConfigurationPlatforms) = postSolution
		{559DBD77-BC8A-4298-9FC7-C41CCCF34C27}.Debug|Any CPU.ActiveCfg = Debug|Any CPU
		{559DBD77-BC8A-4298-9FC7-C41CCCF34C27}.Debug|Any CPU.Build.0 = Debug|Any CPU
		{559DBD77-BC8A-4298-9FC7-C41CCCF34C27}.Release|Any CPU.ActiveCfg = Release|Any CPU
		{559DBD77-BC8A-4298-9FC7-C41CCCF34C27}.Release|Any CPU.Build.0 = Release|Any CPU
	EndGlobalSection
	GlobalSection(SolutionProperties) = preSolution
		HideSolutionNode = FALSE
	EndGlobalSection
	GlobalSection(ExtensibilityGlobals) = postSolution
		SolutionGuid = {99DC02AE-0680-471A-BB48-248E7B86F7DA}
	EndGlobalSection
EndGlobal
