
Microsoft Visual Studio Solution File, Format Version 12.00
# Visual Studio 15
VisualStudioVersion = 15.0.27703.2026
MinimumVisualStudioVersion = 10.0.40219.1
Project("{FAE04EC0-301F-11D3-BF4B-00C04F79EFBC}") = "Bot.Demo.DirectLine", "Bot.Demo.DirectLine\Bot.Demo.DirectLine.csproj", "{653C2F10-5E52-4052-85FB-F028C5A0A577}"
EndProject
Global
	GlobalSection(SolutionConfigurationPlatforms) = preSolution
		Debug|Any CPU = Debug|Any CPU
		Release|Any CPU = Release|Any CPU
	EndGlobalSection
	GlobalSection(ProjectConfigurationPlatforms) = postSolution
		{653C2F10-5E52-4052-85FB-F028C5A0A577}.Debug|Any CPU.ActiveCfg = Debug|Any CPU
		{653C2F10-5E52-4052-85FB-F028C5A0A577}.Debug|Any CPU.Build.0 = Debug|Any CPU
		{653C2F10-5E52-4052-85FB-F028C5A0A577}.Release|Any CPU.ActiveCfg = Release|Any CPU
		{653C2F10-5E52-4052-85FB-F028C5A0A577}.Release|Any CPU.Build.0 = Release|Any CPU
	EndGlobalSection
	GlobalSection(SolutionProperties) = preSolution
		HideSolutionNode = FALSE
	EndGlobalSection
	GlobalSection(ExtensibilityGlobals) = postSolution
		SolutionGuid = {2AA83EF4-3FCE-4CF4-9A75-E71E4F7FB2D4}
	EndGlobalSection
EndGlobal
