
Microsoft Visual Studio Solution File, Format Version 12.00
# Visual Studio 15
VisualStudioVersion = 15.0.27703.2026
MinimumVisualStudioVersion = 10.0.40219.1
Project("{FAE04EC0-301F-11D3-BF4B-00C04F79EFBC}") = "Demo.ServiceBus.ConsoleApp", "Demo.ServiceBus.ConsoleApp\Demo.ServiceBus.ConsoleApp.csproj", "{B94D2FF1-2BE3-43E3-82C2-494F72B7040E}"
EndProject
Project("{FAE04EC0-301F-11D3-BF4B-00C04F79EFBC}") = "Demo.ServiceBus.Functions", "Demo.ServiceBus.Functions\Demo.ServiceBus.Functions.csproj", "{6869D4AF-EFCB-467A-94CA-DDC86A27D4AB}"
EndProject
Global
	GlobalSection(SolutionConfigurationPlatforms) = preSolution
		Debug|Any CPU = Debug|Any CPU
		Release|Any CPU = Release|Any CPU
	EndGlobalSection
	GlobalSection(ProjectConfigurationPlatforms) = postSolution
		{B94D2FF1-2BE3-43E3-82C2-494F72B7040E}.Debug|Any CPU.ActiveCfg = Debug|Any CPU
		{B94D2FF1-2BE3-43E3-82C2-494F72B7040E}.Debug|Any CPU.Build.0 = Debug|Any CPU
		{B94D2FF1-2BE3-43E3-82C2-494F72B7040E}.Release|Any CPU.ActiveCfg = Release|Any CPU
		{B94D2FF1-2BE3-43E3-82C2-494F72B7040E}.Release|Any CPU.Build.0 = Release|Any CPU
		{6869D4AF-EFCB-467A-94CA-DDC86A27D4AB}.Debug|Any CPU.ActiveCfg = Debug|Any CPU
		{6869D4AF-EFCB-467A-94CA-DDC86A27D4AB}.Debug|Any CPU.Build.0 = Debug|Any CPU
		{6869D4AF-EFCB-467A-94CA-DDC86A27D4AB}.Release|Any CPU.ActiveCfg = Release|Any CPU
		{6869D4AF-EFCB-467A-94CA-DDC86A27D4AB}.Release|Any CPU.Build.0 = Release|Any CPU
	EndGlobalSection
	GlobalSection(SolutionProperties) = preSolution
		HideSolutionNode = FALSE
	EndGlobalSection
	GlobalSection(ExtensibilityGlobals) = postSolution
		SolutionGuid = {A35C9423-C1E9-484F-ABF8-45B4967C1177}
	EndGlobalSection
EndGlobal
