
Microsoft Visual Studio Solution File, Format Version 12.00
# Visual Studio 15
VisualStudioVersion = 15.0.27428.2037
MinimumVisualStudioVersion = 10.0.40219.1
Project("{9A19103F-16F7-4668-BE54-9A1E7A4F7556}") = "netcore-proxy-web", "netcore-proxy-web\netcore-proxy-web.csproj", "{A4826EA5-B5A3-408C-B44B-268A0B286D17}"
EndProject
Project("{FAE04EC0-301F-11D3-BF4B-00C04F79EFBC}") = "netcore-proxy-sample", "netcore-proxy-sample\netcore-proxy-sample.csproj", "{B41D579A-8478-492D-B978-350BE10F58BD}"
EndProject
Global
	GlobalSection(SolutionConfigurationPlatforms) = preSolution
		Debug|Any CPU = Debug|Any CPU
		Release|Any CPU = Release|Any CPU
	EndGlobalSection
	GlobalSection(ProjectConfigurationPlatforms) = postSolution
		{A4826EA5-B5A3-408C-B44B-268A0B286D17}.Debug|Any CPU.ActiveCfg = Debug|Any CPU
		{A4826EA5-B5A3-408C-B44B-268A0B286D17}.Debug|Any CPU.Build.0 = Debug|Any CPU
		{A4826EA5-B5A3-408C-B44B-268A0B286D17}.Release|Any CPU.ActiveCfg = Release|Any CPU
		{A4826EA5-B5A3-408C-B44B-268A0B286D17}.Release|Any CPU.Build.0 = Release|Any CPU
		{B41D579A-8478-492D-B978-350BE10F58BD}.Debug|Any CPU.ActiveCfg = Debug|Any CPU
		{B41D579A-8478-492D-B978-350BE10F58BD}.Debug|Any CPU.Build.0 = Debug|Any CPU
		{B41D579A-8478-492D-B978-350BE10F58BD}.Release|Any CPU.ActiveCfg = Release|Any CPU
		{B41D579A-8478-492D-B978-350BE10F58BD}.Release|Any CPU.Build.0 = Release|Any CPU
	EndGlobalSection
	GlobalSection(SolutionProperties) = preSolution
		HideSolutionNode = FALSE
	EndGlobalSection
	GlobalSection(ExtensibilityGlobals) = postSolution
		SolutionGuid = {63132E6B-C53C-4A11-9A2B-DE0A25F9DEA4}
	EndGlobalSection
EndGlobal
