Microsoft Visual Studio Solution File, Format Version 12.00
# Visual Studio Version 16
VisualStudioVersion = 16.0.28531.58
MinimumVisualStudioVersion = 15.0.26124.0
Project("{9A19103F-16F7-4668-BE54-9A1E7A4F7556}") = "Portal.Shared", "Portal.Shared\Portal.Shared.csproj", "{6FED4717-2519-4B70-AEE3-7495D4087C4B}"
EndProject
Project("{9A19103F-16F7-4668-BE54-9A1E7A4F7556}") = "Portal.Functions", "Portal.Functions\Portal.Functions.csproj", "{B910ADDE-C573-41CC-A062-03B9F93CB99B}"
EndProject
Project("{9A19103F-16F7-4668-BE54-9A1E7A4F7556}") = "Portal.Tests", "Portal.Tests\Portal.Tests.csproj", "{AF536A2C-3195-4F06-ACF2-586D2354DD7B}"
EndProject
Project("{9A19103F-16F7-4668-BE54-9A1E7A4F7556}") = "Portal.Client", "Portal.Client\Portal.Client.csproj", "{C812175A-4D32-4705-9A85-3898B865633F}"
EndProject
Global
	GlobalSection(SolutionConfigurationPlatforms) = preSolution
		Debug|Any CPU = Debug|Any CPU
		Debug|x64 = Debug|x64
		Debug|x86 = Debug|x86
		Release|Any CPU = Release|Any CPU
		Release|x64 = Release|x64
		Release|x86 = Release|x86
	EndGlobalSection
	GlobalSection(ProjectConfigurationPlatforms) = postSolution
		{6FED4717-2519-4B70-AEE3-7495D4087C4B}.Debug|Any CPU.ActiveCfg = Debug|Any CPU
		{6FED4717-2519-4B70-AEE3-7495D4087C4B}.Debug|Any CPU.Build.0 = Debug|Any CPU
		{6FED4717-2519-4B70-AEE3-7495D4087C4B}.Debug|x64.ActiveCfg = Debug|Any CPU
		{6FED4717-2519-4B70-AEE3-7495D4087C4B}.Debug|x64.Build.0 = Debug|Any CPU
		{6FED4717-2519-4B70-AEE3-7495D4087C4B}.Debug|x86.ActiveCfg = Debug|Any CPU
		{6FED4717-2519-4B70-AEE3-7495D4087C4B}.Debug|x86.Build.0 = Debug|Any CPU
		{6FED4717-2519-4B70-AEE3-7495D4087C4B}.Release|Any CPU.ActiveCfg = Release|Any CPU
		{6FED4717-2519-4B70-AEE3-7495D4087C4B}.Release|Any CPU.Build.0 = Release|Any CPU
		{6FED4717-2519-4B70-AEE3-7495D4087C4B}.Release|x64.ActiveCfg = Release|Any CPU
		{6FED4717-2519-4B70-AEE3-7495D4087C4B}.Release|x64.Build.0 = Release|Any CPU
		{6FED4717-2519-4B70-AEE3-7495D4087C4B}.Release|x86.ActiveCfg = Release|Any CPU
		{6FED4717-2519-4B70-AEE3-7495D4087C4B}.Release|x86.Build.0 = Release|Any CPU
		{B910ADDE-C573-41CC-A062-03B9F93CB99B}.Debug|Any CPU.ActiveCfg = Debug|Any CPU
		{B910ADDE-C573-41CC-A062-03B9F93CB99B}.Debug|Any CPU.Build.0 = Debug|Any CPU
		{B910ADDE-C573-41CC-A062-03B9F93CB99B}.Debug|x64.ActiveCfg = Debug|Any CPU
		{B910ADDE-C573-41CC-A062-03B9F93CB99B}.Debug|x64.Build.0 = Debug|Any CPU
		{B910ADDE-C573-41CC-A062-03B9F93CB99B}.Debug|x86.ActiveCfg = Debug|Any CPU
		{B910ADDE-C573-41CC-A062-03B9F93CB99B}.Debug|x86.Build.0 = Debug|Any CPU
		{B910ADDE-C573-41CC-A062-03B9F93CB99B}.Release|Any CPU.ActiveCfg = Release|Any CPU
		{B910ADDE-C573-41CC-A062-03B9F93CB99B}.Release|Any CPU.Build.0 = Release|Any CPU
		{B910ADDE-C573-41CC-A062-03B9F93CB99B}.Release|x64.ActiveCfg = Release|Any CPU
		{B910ADDE-C573-41CC-A062-03B9F93CB99B}.Release|x64.Build.0 = Release|Any CPU
		{B910ADDE-C573-41CC-A062-03B9F93CB99B}.Release|x86.ActiveCfg = Release|Any CPU
		{B910ADDE-C573-41CC-A062-03B9F93CB99B}.Release|x86.Build.0 = Release|Any CPU
		{AF536A2C-3195-4F06-ACF2-586D2354DD7B}.Debug|Any CPU.ActiveCfg = Debug|Any CPU
		{AF536A2C-3195-4F06-ACF2-586D2354DD7B}.Debug|Any CPU.Build.0 = Debug|Any CPU
		{AF536A2C-3195-4F06-ACF2-586D2354DD7B}.Debug|x64.ActiveCfg = Debug|Any CPU
		{AF536A2C-3195-4F06-ACF2-586D2354DD7B}.Debug|x64.Build.0 = Debug|Any CPU
		{AF536A2C-3195-4F06-ACF2-586D2354DD7B}.Debug|x86.ActiveCfg = Debug|Any CPU
		{AF536A2C-3195-4F06-ACF2-586D2354DD7B}.Debug|x86.Build.0 = Debug|Any CPU
		{AF536A2C-3195-4F06-ACF2-586D2354DD7B}.Release|Any CPU.ActiveCfg = Release|Any CPU
		{AF536A2C-3195-4F06-ACF2-586D2354DD7B}.Release|Any CPU.Build.0 = Release|Any CPU
		{AF536A2C-3195-4F06-ACF2-586D2354DD7B}.Release|x64.ActiveCfg = Release|Any CPU
		{AF536A2C-3195-4F06-ACF2-586D2354DD7B}.Release|x64.Build.0 = Release|Any CPU
		{AF536A2C-3195-4F06-ACF2-586D2354DD7B}.Release|x86.ActiveCfg = Release|Any CPU
		{AF536A2C-3195-4F06-ACF2-586D2354DD7B}.Release|x86.Build.0 = Release|Any CPU
		{C812175A-4D32-4705-9A85-3898B865633F}.Debug|Any CPU.ActiveCfg = Debug|Any CPU
		{C812175A-4D32-4705-9A85-3898B865633F}.Debug|Any CPU.Build.0 = Debug|Any CPU
		{C812175A-4D32-4705-9A85-3898B865633F}.Debug|x64.ActiveCfg = Debug|Any CPU
		{C812175A-4D32-4705-9A85-3898B865633F}.Debug|x64.Build.0 = Debug|Any CPU
		{C812175A-4D32-4705-9A85-3898B865633F}.Debug|x86.ActiveCfg = Debug|Any CPU
		{C812175A-4D32-4705-9A85-3898B865633F}.Debug|x86.Build.0 = Debug|Any CPU
		{C812175A-4D32-4705-9A85-3898B865633F}.Release|Any CPU.ActiveCfg = Release|Any CPU
		{C812175A-4D32-4705-9A85-3898B865633F}.Release|Any CPU.Build.0 = Release|Any CPU
		{C812175A-4D32-4705-9A85-3898B865633F}.Release|x64.ActiveCfg = Release|Any CPU
		{C812175A-4D32-4705-9A85-3898B865633F}.Release|x64.Build.0 = Release|Any CPU
		{C812175A-4D32-4705-9A85-3898B865633F}.Release|x86.ActiveCfg = Release|Any CPU
		{C812175A-4D32-4705-9A85-3898B865633F}.Release|x86.Build.0 = Release|Any CPU
	EndGlobalSection
	GlobalSection(SolutionProperties) = preSolution
		HideSolutionNode = FALSE
	EndGlobalSection
	GlobalSection(ExtensibilityGlobals) = postSolution
		SolutionGuid = {D80D91C1-F7CB-4562-B4FB-D95E6A122399}
	EndGlobalSection
EndGlobal
