
Microsoft Visual Studio Solution File, Format Version 12.00
# Visual Studio 15
VisualStudioVersion = 15.0.27617.1
MinimumVisualStudioVersion = 10.0.40219.1
Project("{FAE04EC0-301F-11D3-BF4B-00C04F79EFBC}") = "Blazor.Retail.Server", "Blazor.Retail\Blazor.Retail.Server\Blazor.Retail.Server.csproj", "{14E9BE82-5E03-46C7-A170-5EB1CFE66D24}"
EndProject
Project("{FAE04EC0-301F-11D3-BF4B-00C04F79EFBC}") = "Blazor.Retail.Client", "Blazor.Retail\Blazor.Retail.Client\Blazor.Retail.Client.csproj", "{5DD4D303-DB39-472B-BDAF-8FBD9473056C}"
EndProject
Project("{FAE04EC0-301F-11D3-BF4B-00C04F79EFBC}") = "Blazor.Retail.Shared", "Blazor.Retail\Blazor.Retail.Shared\Blazor.Retail.Shared.csproj", "{32D606D8-87F5-4737-95F4-000CA3D5948F}"
EndProject
Global
	GlobalSection(SolutionConfigurationPlatforms) = preSolution
		Debug|Any CPU = Debug|Any CPU
		Release|Any CPU = Release|Any CPU
	EndGlobalSection
	GlobalSection(ProjectConfigurationPlatforms) = postSolution
		{14E9BE82-5E03-46C7-A170-5EB1CFE66D24}.Debug|Any CPU.ActiveCfg = Debug|Any CPU
		{14E9BE82-5E03-46C7-A170-5EB1CFE66D24}.Debug|Any CPU.Build.0 = Debug|Any CPU
		{14E9BE82-5E03-46C7-A170-5EB1CFE66D24}.Release|Any CPU.ActiveCfg = Release|Any CPU
		{14E9BE82-5E03-46C7-A170-5EB1CFE66D24}.Release|Any CPU.Build.0 = Release|Any CPU
		{5DD4D303-DB39-472B-BDAF-8FBD9473056C}.Debug|Any CPU.ActiveCfg = Debug|Any CPU
		{5DD4D303-DB39-472B-BDAF-8FBD9473056C}.Debug|Any CPU.Build.0 = Debug|Any CPU
		{5DD4D303-DB39-472B-BDAF-8FBD9473056C}.Release|Any CPU.ActiveCfg = Release|Any CPU
		{5DD4D303-DB39-472B-BDAF-8FBD9473056C}.Release|Any CPU.Build.0 = Release|Any CPU
		{32D606D8-87F5-4737-95F4-000CA3D5948F}.Debug|Any CPU.ActiveCfg = Debug|Any CPU
		{32D606D8-87F5-4737-95F4-000CA3D5948F}.Debug|Any CPU.Build.0 = Debug|Any CPU
		{32D606D8-87F5-4737-95F4-000CA3D5948F}.Release|Any CPU.ActiveCfg = Release|Any CPU
		{32D606D8-87F5-4737-95F4-000CA3D5948F}.Release|Any CPU.Build.0 = Release|Any CPU
	EndGlobalSection
	GlobalSection(SolutionProperties) = preSolution
		HideSolutionNode = FALSE
	EndGlobalSection
	GlobalSection(ExtensibilityGlobals) = postSolution
		SolutionGuid = {1183E0EC-D2BD-48AF-9AD7-4581B2BA4442}
	EndGlobalSection
EndGlobal
