
Microsoft Visual Studio Solution File, Format Version 12.00
# Visual Studio 15
VisualStudioVersion = 15.0.28010.2048
MinimumVisualStudioVersion = 10.0.40219.1
Project("{9A19103F-16F7-4668-BE54-9A1E7A4F7556}") = "Function_Event_Repro", "Function_Event_Repro.csproj", "{AEEC06E7-B8C1-4D54-86A2-092D1B18A243}"
EndProject
Global
	GlobalSection(SolutionConfigurationPlatforms) = preSolution
		Debug|Any CPU = Debug|Any CPU
		Release|Any CPU = Release|Any CPU
	EndGlobalSection
	GlobalSection(ProjectConfigurationPlatforms) = postSolution
		{AEEC06E7-B8C1-4D54-86A2-092D1B18A243}.Debug|Any CPU.ActiveCfg = Debug|Any CPU
		{AEEC06E7-B8C1-4D54-86A2-092D1B18A243}.Debug|Any CPU.Build.0 = Debug|Any CPU
		{AEEC06E7-B8C1-4D54-86A2-092D1B18A243}.Release|Any CPU.ActiveCfg = Release|Any CPU
		{AEEC06E7-B8C1-4D54-86A2-092D1B18A243}.Release|Any CPU.Build.0 = Release|Any CPU
	EndGlobalSection
	GlobalSection(SolutionProperties) = preSolution
		HideSolutionNode = FALSE
	EndGlobalSection
	GlobalSection(ExtensibilityGlobals) = postSolution
		SolutionGuid = {3A482040-8D27-473C-8194-8616181077A7}
	EndGlobalSection
EndGlobal
