
Microsoft Visual Studio Solution File, Format Version 12.00
# Visual Studio 15
VisualStudioVersion = 15.0.28010.2016
MinimumVisualStudioVersion = 10.0.40219.1
Project("{FAE04EC0-301F-11D3-BF4B-00C04F79EFBC}") = "FN18.Server", "FN18.Server\FN18.Server.csproj", "{EDE16A31-5E14-4317-B7F4-E9F882B0816B}"
EndProject
Project("{FAE04EC0-301F-11D3-BF4B-00C04F79EFBC}") = "FN18.Client", "FN18.Client\FN18.Client.csproj", "{5B94AF62-8895-4F1E-A2CF-EBC76A0EB97C}"
EndProject
Project("{FAE04EC0-301F-11D3-BF4B-00C04F79EFBC}") = "FN18.Shared", "FN18.Shared\FN18.Shared.csproj", "{A0F8265A-EC13-4500-A67A-7A9FC4B544B0}"
EndProject
Global
	GlobalSection(SolutionConfigurationPlatforms) = preSolution
		Debug|Any CPU = Debug|Any CPU
		Release|Any CPU = Release|Any CPU
	EndGlobalSection
	GlobalSection(ProjectConfigurationPlatforms) = postSolution
		{EDE16A31-5E14-4317-B7F4-E9F882B0816B}.Debug|Any CPU.ActiveCfg = Debug|Any CPU
		{EDE16A31-5E14-4317-B7F4-E9F882B0816B}.Debug|Any CPU.Build.0 = Debug|Any CPU
		{EDE16A31-5E14-4317-B7F4-E9F882B0816B}.Release|Any CPU.ActiveCfg = Release|Any CPU
		{EDE16A31-5E14-4317-B7F4-E9F882B0816B}.Release|Any CPU.Build.0 = Release|Any CPU
		{5B94AF62-8895-4F1E-A2CF-EBC76A0EB97C}.Debug|Any CPU.ActiveCfg = Debug|Any CPU
		{5B94AF62-8895-4F1E-A2CF-EBC76A0EB97C}.Debug|Any CPU.Build.0 = Debug|Any CPU
		{5B94AF62-8895-4F1E-A2CF-EBC76A0EB97C}.Release|Any CPU.ActiveCfg = Release|Any CPU
		{5B94AF62-8895-4F1E-A2CF-EBC76A0EB97C}.Release|Any CPU.Build.0 = Release|Any CPU
		{A0F8265A-EC13-4500-A67A-7A9FC4B544B0}.Debug|Any CPU.ActiveCfg = Debug|Any CPU
		{A0F8265A-EC13-4500-A67A-7A9FC4B544B0}.Debug|Any CPU.Build.0 = Debug|Any CPU
		{A0F8265A-EC13-4500-A67A-7A9FC4B544B0}.Release|Any CPU.ActiveCfg = Release|Any CPU
		{A0F8265A-EC13-4500-A67A-7A9FC4B544B0}.Release|Any CPU.Build.0 = Release|Any CPU
	EndGlobalSection
	GlobalSection(SolutionProperties) = preSolution
		HideSolutionNode = FALSE
	EndGlobalSection
	GlobalSection(ExtensibilityGlobals) = postSolution
		SolutionGuid = {9DE7DE13-5F7F-456E-A778-3A5984C487E1}
	EndGlobalSection
EndGlobal
