
Microsoft Visual Studio Solution File, Format Version 12.00
# Visual Studio Version 16
VisualStudioVersion = 16.0.28531.58
MinimumVisualStudioVersion = 10.0.40219.1
Project("{9A19103F-16F7-4668-BE54-9A1E7A4F7556}") = "Portal.Client", "Portal.Client\Portal.Client.csproj", "{ED6CAC34-1C6B-4424-82A5-5450D375164F}"
EndProject
Project("{FAE04EC0-301F-11D3-BF4B-00C04F79EFBC}") = "Portal.Common", "Portal.Common\Portal.Common.csproj", "{C3A6C13A-074F-4863-B7B2-0C1ABD444D0A}"
EndProject
Project("{FAE04EC0-301F-11D3-BF4B-00C04F79EFBC}") = "Portal.Infrastructure", "Portal.Infrastructure\Portal.Infrastructure.csproj", "{B8892A60-91B4-4B19-BA72-1A3B43FCC297}"
EndProject
Project("{FAE04EC0-301F-11D3-BF4B-00C04F79EFBC}") = "Portal.Tests", "Portal.Tests\Portal.Tests.csproj", "{1D883771-8442-4B0E-8768-8E91BA03F227}"
EndProject
Global
	GlobalSection(SolutionConfigurationPlatforms) = preSolution
		Debug|Any CPU = Debug|Any CPU
		Release|Any CPU = Release|Any CPU
	EndGlobalSection
	GlobalSection(ProjectConfigurationPlatforms) = postSolution
		{ED6CAC34-1C6B-4424-82A5-5450D375164F}.Debug|Any CPU.ActiveCfg = Debug|Any CPU
		{ED6CAC34-1C6B-4424-82A5-5450D375164F}.Debug|Any CPU.Build.0 = Debug|Any CPU
		{ED6CAC34-1C6B-4424-82A5-5450D375164F}.Release|Any CPU.ActiveCfg = Release|Any CPU
		{ED6CAC34-1C6B-4424-82A5-5450D375164F}.Release|Any CPU.Build.0 = Release|Any CPU
		{C3A6C13A-074F-4863-B7B2-0C1ABD444D0A}.Debug|Any CPU.ActiveCfg = Debug|Any CPU
		{C3A6C13A-074F-4863-B7B2-0C1ABD444D0A}.Debug|Any CPU.Build.0 = Debug|Any CPU
		{C3A6C13A-074F-4863-B7B2-0C1ABD444D0A}.Release|Any CPU.ActiveCfg = Release|Any CPU
		{C3A6C13A-074F-4863-B7B2-0C1ABD444D0A}.Release|Any CPU.Build.0 = Release|Any CPU
		{B8892A60-91B4-4B19-BA72-1A3B43FCC297}.Debug|Any CPU.ActiveCfg = Debug|Any CPU
		{B8892A60-91B4-4B19-BA72-1A3B43FCC297}.Debug|Any CPU.Build.0 = Debug|Any CPU
		{B8892A60-91B4-4B19-BA72-1A3B43FCC297}.Release|Any CPU.ActiveCfg = Release|Any CPU
		{B8892A60-91B4-4B19-BA72-1A3B43FCC297}.Release|Any CPU.Build.0 = Release|Any CPU
		{1D883771-8442-4B0E-8768-8E91BA03F227}.Debug|Any CPU.ActiveCfg = Debug|Any CPU
		{1D883771-8442-4B0E-8768-8E91BA03F227}.Debug|Any CPU.Build.0 = Debug|Any CPU
		{1D883771-8442-4B0E-8768-8E91BA03F227}.Release|Any CPU.ActiveCfg = Release|Any CPU
		{1D883771-8442-4B0E-8768-8E91BA03F227}.Release|Any CPU.Build.0 = Release|Any CPU
	EndGlobalSection
	GlobalSection(SolutionProperties) = preSolution
		HideSolutionNode = FALSE
	EndGlobalSection
	GlobalSection(ExtensibilityGlobals) = postSolution
		SolutionGuid = {9C775F93-0F1D-413C-9B3C-4FD9E9B80592}
	EndGlobalSection
EndGlobal
